
Microsoft Visual Studio Solution File, Format Version 12.00
# Visual Studio Version 16
VisualStudioVersion = 16.0.30330.147
MinimumVisualStudioVersion = 10.0.40219.1
Project("{9A19103F-16F7-4668-BE54-9A1E7A4F7556}") = "DatingApp.API", "DatingApp.API.csproj", "{B256F69F-FBB4-47EF-B000-CA518B1EBA88}"
EndProject
Global
	GlobalSection(SolutionConfigurationPlatforms) = preSolution
		Debug|Any CPU = Debug|Any CPU
		Release|Any CPU = Release|Any CPU
	EndGlobalSection
	GlobalSection(ProjectConfigurationPlatforms) = postSolution
		{B256F69F-FBB4-47EF-B000-CA518B1EBA88}.Debug|Any CPU.ActiveCfg = Debug|Any CPU
		{B256F69F-FBB4-47EF-B000-CA518B1EBA88}.Debug|Any CPU.Build.0 = Debug|Any CPU
		{B256F69F-FBB4-47EF-B000-CA518B1EBA88}.Release|Any CPU.ActiveCfg = Release|Any CPU
		{B256F69F-FBB4-47EF-B000-CA518B1EBA88}.Release|Any CPU.Build.0 = Release|Any CPU
	EndGlobalSection
	GlobalSection(SolutionProperties) = preSolution
		HideSolutionNode = FALSE
	EndGlobalSection
	GlobalSection(ExtensibilityGlobals) = postSolution
		SolutionGuid = {F0EC1FC3-DA5F-49D7-AD26-68AB8B16B19E}
	EndGlobalSection
EndGlobal
